
Microsoft Visual Studio Solution File, Format Version 12.00
# Visual Studio Express 15 for Windows Desktop
VisualStudioVersion = 15.0.28307.1972
MinimumVisualStudioVersion = 10.0.40219.1
Project("{8BC9CEB8-8B4A-11D0-8D11-00A0C91BC942}") = "220801_AL_6", "220801_AL_6\220801_AL_6.vcxproj", "{AB93F65D-3B64-4F7C-8DC9-7D1A32AA45FD}"
EndProject
Global
	GlobalSection(SolutionConfigurationPlatforms) = preSolution
		Debug|x64 = Debug|x64
		Debug|x86 = Debug|x86
		Release|x64 = Release|x64
		Release|x86 = Release|x86
	EndGlobalSection
	GlobalSection(ProjectConfigurationPlatforms) = postSolution
		{AB93F65D-3B64-4F7C-8DC9-7D1A32AA45FD}.Debug|x64.ActiveCfg = Debug|x64
		{AB93F65D-3B64-4F7C-8DC9-7D1A32AA45FD}.Debug|x64.Build.0 = Debug|x64
		{AB93F65D-3B64-4F7C-8DC9-7D1A32AA45FD}.Debug|x86.ActiveCfg = Debug|Win32
		{AB93F65D-3B64-4F7C-8DC9-7D1A32AA45FD}.Debug|x86.Build.0 = Debug|Win32
		{AB93F65D-3B64-4F7C-8DC9-7D1A32AA45FD}.Release|x64.ActiveCfg = Release|x64
		{AB93F65D-3B64-4F7C-8DC9-7D1A32AA45FD}.Release|x64.Build.0 = Release|x64
		{AB93F65D-3B64-4F7C-8DC9-7D1A32AA45FD}.Release|x86.ActiveCfg = Release|Win32
		{AB93F65D-3B64-4F7C-8DC9-7D1A32AA45FD}.Release|x86.Build.0 = Release|Win32
	EndGlobalSection
	GlobalSection(SolutionProperties) = preSolution
		HideSolutionNode = FALSE
	EndGlobalSection
	GlobalSection(ExtensibilityGlobals) = postSolution
		SolutionGuid = {EC1F3372-8CB4-43CF-800B-36A7FF09350C}
	EndGlobalSection
EndGlobal
