
Microsoft Visual Studio Solution File, Format Version 12.00
# Visual Studio Express 15 for Windows Desktop
VisualStudioVersion = 15.0.28307.1585
MinimumVisualStudioVersion = 10.0.40219.1
Project("{8BC9CEB8-8B4A-11D0-8D11-00A0C91BC942}") = "220823_AL_16", "220823_AL_16\220823_AL_16.vcxproj", "{B772396B-2ADB-4CEE-B4FE-B7000AC5B763}"
EndProject
Global
	GlobalSection(SolutionConfigurationPlatforms) = preSolution
		Debug|x64 = Debug|x64
		Debug|x86 = Debug|x86
		Release|x64 = Release|x64
		Release|x86 = Release|x86
	EndGlobalSection
	GlobalSection(ProjectConfigurationPlatforms) = postSolution
		{B772396B-2ADB-4CEE-B4FE-B7000AC5B763}.Debug|x64.ActiveCfg = Debug|x64
		{B772396B-2ADB-4CEE-B4FE-B7000AC5B763}.Debug|x64.Build.0 = Debug|x64
		{B772396B-2ADB-4CEE-B4FE-B7000AC5B763}.Debug|x86.ActiveCfg = Debug|Win32
		{B772396B-2ADB-4CEE-B4FE-B7000AC5B763}.Debug|x86.Build.0 = Debug|Win32
		{B772396B-2ADB-4CEE-B4FE-B7000AC5B763}.Release|x64.ActiveCfg = Release|x64
		{B772396B-2ADB-4CEE-B4FE-B7000AC5B763}.Release|x64.Build.0 = Release|x64
		{B772396B-2ADB-4CEE-B4FE-B7000AC5B763}.Release|x86.ActiveCfg = Release|Win32
		{B772396B-2ADB-4CEE-B4FE-B7000AC5B763}.Release|x86.Build.0 = Release|Win32
	EndGlobalSection
	GlobalSection(SolutionProperties) = preSolution
		HideSolutionNode = FALSE
	EndGlobalSection
	GlobalSection(ExtensibilityGlobals) = postSolution
		SolutionGuid = {C1D65D77-246B-4F4A-9157-99D7922E0711}
	EndGlobalSection
EndGlobal
